
Microsoft Visual Studio Solution File, Format Version 12.00
# Visual Studio 2013
VisualStudioVersion = 12.0.30723.0
MinimumVisualStudioVersion = 10.0.40219.1
Project("{2150E333-8FDC-42A3-9474-1A3956D46DE8}") = "Source", "Source", "{93CD17A3-5BD9-420E-ACBF-72BC4FFDACAE}"
EndProject
Project("{FAE04EC0-301F-11D3-BF4B-00C04F79EFBC}") = "ReactivePrism.WPF", "Source\ReactivePrism.WPF\ReactivePrism.WPF.csproj", "{DCCAE27A-0DE4-44E7-B98C-605D861E479A}"
EndProject
Project("{FAE04EC0-301F-11D3-BF4B-00C04F79EFBC}") = "Microsoft.Practices.Prism.Interactivity", "Source\Microsoft.Practices.Prism.Interactivity\Microsoft.Practices.Prism.Interactivity.csproj", "{CADD2B84-692D-4056-A556-F1FA7FA265E8}"
EndProject
Project("{FAE04EC0-301F-11D3-BF4B-00C04F79EFBC}") = "ReactivePrism.Win", "Source\ReactivePrism.Win\ReactivePrism.Win.csproj", "{A11B893B-6A3A-4B2A-B2AC-EDB136EDE987}"
EndProject
Project("{FAE04EC0-301F-11D3-BF4B-00C04F79EFBC}") = "ReactivePrism.WPA", "Source\ReactivePrism.WPA\ReactivePrism.WPA.csproj", "{1C388EDD-D3DA-4733-B747-2D33CCB4BBF6}"
EndProject
Project("{2150E333-8FDC-42A3-9474-1A3956D46DE8}") = "BuildTools", "BuildTools", "{CB1D075F-8077-410F-88B3-D2EED8AF3DF6}"
	ProjectSection(SolutionItems) = preProject
		BuildTools\NuGet.exe = BuildTools\NuGet.exe
		BuildTools\pack.bat = BuildTools\pack.bat
		BuildTools\push.bat = BuildTools\push.bat
		BuildTools\ReactivePrism.nuspec = BuildTools\ReactivePrism.nuspec
	EndProjectSection
EndProject
Project("{2150E333-8FDC-42A3-9474-1A3956D46DE8}") = "Solution Items", "Solution Items", "{D0103A30-89C7-48E3-BF18-1E14BAAD7E7C}"
	ProjectSection(SolutionItems) = preProject
		LICENSE.txt = LICENSE.txt
		README.md = README.md
	EndProjectSection
EndProject
Project("{2150E333-8FDC-42A3-9474-1A3956D46DE8}") = "Samples", "Samples", "{BF125AFA-7C55-4E24-8A91-3C386325E0D8}"
EndProject
Project("{2150E333-8FDC-42A3-9474-1A3956D46DE8}") = "HelloWorldApp", "HelloWorldApp", "{7FA843F1-C9A9-40EC-BAB8-46B7252A6F36}"
EndProject
Project("{D954291E-2A0B-460D-934E-DC6B0785DB48}") = "HelloWorldApp.Shared", "Samples\HelloWorldApp\HelloWorldApp.Shared\HelloWorldApp.Shared.shproj", "{7EAD6644-7CC6-45EF-9406-376E95F46F8B}"
EndProject
Project("{FAE04EC0-301F-11D3-BF4B-00C04F79EFBC}") = "HelloWorldApp.Windows", "Samples\HelloWorldApp\HelloWorldApp.Windows\HelloWorldApp.Windows.csproj", "{BC55DBAE-8DAD-4AAC-84B2-8F998B8D32E1}"
EndProject
Project("{FAE04EC0-301F-11D3-BF4B-00C04F79EFBC}") = "HelloWorldApp.WindowsPhone", "Samples\HelloWorldApp\HelloWorldApp.WindowsPhone\HelloWorldApp.WindowsPhone.csproj", "{D4116A8C-38A3-411F-A731-73507953AC1F}"
EndProject
Project("{FAE04EC0-301F-11D3-BF4B-00C04F79EFBC}") = "HelloWorldApp.WPF", "Samples\HelloWorldApp.WPF\HelloWorldApp.WPF.csproj", "{96544262-4795-474C-BEBB-B818D9F5D53B}"
EndProject
Project("{2150E333-8FDC-42A3-9474-1A3956D46DE8}") = "FlyoutSampleApp", "FlyoutSampleApp", "{5ABB701D-3E42-4580-A0AD-DD0117476E01}"
EndProject
Project("{D954291E-2A0B-460D-934E-DC6B0785DB48}") = "FlyoutSampleApp.Shared", "Samples\FlyoutSampleApp\FlyoutSampleApp.Shared\FlyoutSampleApp.Shared.shproj", "{10047FB6-0DF7-4823-A78A-916981E9AD97}"
EndProject
Project("{FAE04EC0-301F-11D3-BF4B-00C04F79EFBC}") = "FlyoutSampleApp.Windows", "Samples\FlyoutSampleApp\FlyoutSampleApp.Windows\FlyoutSampleApp.Windows.csproj", "{A8AC6113-4503-463F-ADE3-C25C1849666D}"
EndProject
Project("{FAE04EC0-301F-11D3-BF4B-00C04F79EFBC}") = "FlyoutSampleApp.WindowsPhone", "Samples\FlyoutSampleApp\FlyoutSampleApp.WindowsPhone\FlyoutSampleApp.WindowsPhone.csproj", "{E47DC225-DF0D-4091-8E24-BEFEACE13640}"
EndProject
Global
	GlobalSection(SharedMSBuildProjectFiles) = preSolution
		Samples\FlyoutSampleApp\FlyoutSampleApp.Shared\FlyoutSampleApp.Shared.projitems*{e47dc225-df0d-4091-8e24-befeace13640}*SharedItemsImports = 4
		Samples\FlyoutSampleApp\FlyoutSampleApp.Shared\FlyoutSampleApp.Shared.projitems*{10047fb6-0df7-4823-a78a-916981e9ad97}*SharedItemsImports = 13
		Samples\HelloWorldApp\HelloWorldApp.Shared\HelloWorldApp.Shared.projitems*{d4116a8c-38a3-411f-a731-73507953ac1f}*SharedItemsImports = 4
		Samples\HelloWorldApp\HelloWorldApp.Shared\HelloWorldApp.Shared.projitems*{bc55dbae-8dad-4aac-84b2-8f998b8d32e1}*SharedItemsImports = 4
		Samples\FlyoutSampleApp\FlyoutSampleApp.Shared\FlyoutSampleApp.Shared.projitems*{a8ac6113-4503-463f-ade3-c25c1849666d}*SharedItemsImports = 4
		Samples\HelloWorldApp\HelloWorldApp.Shared\HelloWorldApp.Shared.projitems*{7ead6644-7cc6-45ef-9406-376e95f46f8b}*SharedItemsImports = 13
	EndGlobalSection
	GlobalSection(SolutionConfigurationPlatforms) = preSolution
		Debug|Any CPU = Debug|Any CPU
		Debug|ARM = Debug|ARM
		Debug|x64 = Debug|x64
		Debug|x86 = Debug|x86
		Release|Any CPU = Release|Any CPU
		Release|ARM = Release|ARM
		Release|x64 = Release|x64
		Release|x86 = Release|x86
	EndGlobalSection
	GlobalSection(ProjectConfigurationPlatforms) = postSolution
		{DCCAE27A-0DE4-44E7-B98C-605D861E479A}.Debug|Any CPU.ActiveCfg = Debug|Any CPU
		{DCCAE27A-0DE4-44E7-B98C-605D861E479A}.Debug|Any CPU.Build.0 = Debug|Any CPU
		{DCCAE27A-0DE4-44E7-B98C-605D861E479A}.Debug|ARM.ActiveCfg = Debug|Any CPU
		{DCCAE27A-0DE4-44E7-B98C-605D861E479A}.Debug|x64.ActiveCfg = Debug|Any CPU
		{DCCAE27A-0DE4-44E7-B98C-605D861E479A}.Debug|x86.ActiveCfg = Debug|Any CPU
		{DCCAE27A-0DE4-44E7-B98C-605D861E479A}.Release|Any CPU.ActiveCfg = Release|Any CPU
		{DCCAE27A-0DE4-44E7-B98C-605D861E479A}.Release|Any CPU.Build.0 = Release|Any CPU
		{DCCAE27A-0DE4-44E7-B98C-605D861E479A}.Release|ARM.ActiveCfg = Release|Any CPU
		{DCCAE27A-0DE4-44E7-B98C-605D861E479A}.Release|x64.ActiveCfg = Release|Any CPU
		{DCCAE27A-0DE4-44E7-B98C-605D861E479A}.Release|x86.ActiveCfg = Release|Any CPU
		{CADD2B84-692D-4056-A556-F1FA7FA265E8}.Debug|Any CPU.ActiveCfg = Debug|Any CPU
		{CADD2B84-692D-4056-A556-F1FA7FA265E8}.Debug|Any CPU.Build.0 = Debug|Any CPU
		{CADD2B84-692D-4056-A556-F1FA7FA265E8}.Debug|ARM.ActiveCfg = Debug|Any CPU
		{CADD2B84-692D-4056-A556-F1FA7FA265E8}.Debug|x64.ActiveCfg = Debug|Any CPU
		{CADD2B84-692D-4056-A556-F1FA7FA265E8}.Debug|x86.ActiveCfg = Debug|Any CPU
		{CADD2B84-692D-4056-A556-F1FA7FA265E8}.Release|Any CPU.ActiveCfg = Release|Any CPU
		{CADD2B84-692D-4056-A556-F1FA7FA265E8}.Release|Any CPU.Build.0 = Release|Any CPU
		{CADD2B84-692D-4056-A556-F1FA7FA265E8}.Release|ARM.ActiveCfg = Release|Any CPU
		{CADD2B84-692D-4056-A556-F1FA7FA265E8}.Release|x64.ActiveCfg = Release|Any CPU
		{CADD2B84-692D-4056-A556-F1FA7FA265E8}.Release|x86.ActiveCfg = Release|Any CPU
		{A11B893B-6A3A-4B2A-B2AC-EDB136EDE987}.Debug|Any CPU.ActiveCfg = Debug|Any CPU
		{A11B893B-6A3A-4B2A-B2AC-EDB136EDE987}.Debug|Any CPU.Build.0 = Debug|Any CPU
		{A11B893B-6A3A-4B2A-B2AC-EDB136EDE987}.Debug|ARM.ActiveCfg = Debug|ARM
		{A11B893B-6A3A-4B2A-B2AC-EDB136EDE987}.Debug|ARM.Build.0 = Debug|ARM
		{A11B893B-6A3A-4B2A-B2AC-EDB136EDE987}.Debug|x64.ActiveCfg = Debug|x64
		{A11B893B-6A3A-4B2A-B2AC-EDB136EDE987}.Debug|x64.Build.0 = Debug|x64
		{A11B893B-6A3A-4B2A-B2AC-EDB136EDE987}.Debug|x86.ActiveCfg = Debug|x86
		{A11B893B-6A3A-4B2A-B2AC-EDB136EDE987}.Debug|x86.Build.0 = Debug|x86
		{A11B893B-6A3A-4B2A-B2AC-EDB136EDE987}.Release|Any CPU.ActiveCfg = Release|Any CPU
		{A11B893B-6A3A-4B2A-B2AC-EDB136EDE987}.Release|Any CPU.Build.0 = Release|Any CPU
		{A11B893B-6A3A-4B2A-B2AC-EDB136EDE987}.Release|ARM.ActiveCfg = Release|ARM
		{A11B893B-6A3A-4B2A-B2AC-EDB136EDE987}.Release|ARM.Build.0 = Release|ARM
		{A11B893B-6A3A-4B2A-B2AC-EDB136EDE987}.Release|x64.ActiveCfg = Release|x64
		{A11B893B-6A3A-4B2A-B2AC-EDB136EDE987}.Release|x64.Build.0 = Release|x64
		{A11B893B-6A3A-4B2A-B2AC-EDB136EDE987}.Release|x86.ActiveCfg = Release|x86
		{A11B893B-6A3A-4B2A-B2AC-EDB136EDE987}.Release|x86.Build.0 = Release|x86
		{1C388EDD-D3DA-4733-B747-2D33CCB4BBF6}.Debug|Any CPU.ActiveCfg = Debug|Any CPU
		{1C388EDD-D3DA-4733-B747-2D33CCB4BBF6}.Debug|Any CPU.Build.0 = Debug|Any CPU
		{1C388EDD-D3DA-4733-B747-2D33CCB4BBF6}.Debug|ARM.ActiveCfg = Debug|ARM
		{1C388EDD-D3DA-4733-B747-2D33CCB4BBF6}.Debug|ARM.Build.0 = Debug|ARM
		{1C388EDD-D3DA-4733-B747-2D33CCB4BBF6}.Debug|x64.ActiveCfg = Debug|Any CPU
		{1C388EDD-D3DA-4733-B747-2D33CCB4BBF6}.Debug|x86.ActiveCfg = Debug|x86
		{1C388EDD-D3DA-4733-B747-2D33CCB4BBF6}.Debug|x86.Build.0 = Debug|x86
		{1C388EDD-D3DA-4733-B747-2D33CCB4BBF6}.Release|Any CPU.ActiveCfg = Release|Any CPU
		{1C388EDD-D3DA-4733-B747-2D33CCB4BBF6}.Release|Any CPU.Build.0 = Release|Any CPU
		{1C388EDD-D3DA-4733-B747-2D33CCB4BBF6}.Release|ARM.ActiveCfg = Release|ARM
		{1C388EDD-D3DA-4733-B747-2D33CCB4BBF6}.Release|ARM.Build.0 = Release|ARM
		{1C388EDD-D3DA-4733-B747-2D33CCB4BBF6}.Release|x64.ActiveCfg = Release|Any CPU
		{1C388EDD-D3DA-4733-B747-2D33CCB4BBF6}.Release|x86.ActiveCfg = Release|x86
		{1C388EDD-D3DA-4733-B747-2D33CCB4BBF6}.Release|x86.Build.0 = Release|x86
		{BC55DBAE-8DAD-4AAC-84B2-8F998B8D32E1}.Debug|Any CPU.ActiveCfg = Debug|Any CPU
		{BC55DBAE-8DAD-4AAC-84B2-8F998B8D32E1}.Debug|Any CPU.Build.0 = Debug|Any CPU
		{BC55DBAE-8DAD-4AAC-84B2-8F998B8D32E1}.Debug|Any CPU.Deploy.0 = Debug|Any CPU
		{BC55DBAE-8DAD-4AAC-84B2-8F998B8D32E1}.Debug|ARM.ActiveCfg = Debug|ARM
		{BC55DBAE-8DAD-4AAC-84B2-8F998B8D32E1}.Debug|ARM.Build.0 = Debug|ARM
		{BC55DBAE-8DAD-4AAC-84B2-8F998B8D32E1}.Debug|ARM.Deploy.0 = Debug|ARM
		{BC55DBAE-8DAD-4AAC-84B2-8F998B8D32E1}.Debug|x64.ActiveCfg = Debug|x64
		{BC55DBAE-8DAD-4AAC-84B2-8F998B8D32E1}.Debug|x64.Build.0 = Debug|x64
		{BC55DBAE-8DAD-4AAC-84B2-8F998B8D32E1}.Debug|x64.Deploy.0 = Debug|x64
		{BC55DBAE-8DAD-4AAC-84B2-8F998B8D32E1}.Debug|x86.ActiveCfg = Debug|x86
		{BC55DBAE-8DAD-4AAC-84B2-8F998B8D32E1}.Debug|x86.Build.0 = Debug|x86
		{BC55DBAE-8DAD-4AAC-84B2-8F998B8D32E1}.Debug|x86.Deploy.0 = Debug|x86
		{BC55DBAE-8DAD-4AAC-84B2-8F998B8D32E1}.Release|Any CPU.ActiveCfg = Release|Any CPU
		{BC55DBAE-8DAD-4AAC-84B2-8F998B8D32E1}.Release|Any CPU.Build.0 = Release|Any CPU
		{BC55DBAE-8DAD-4AAC-84B2-8F998B8D32E1}.Release|Any CPU.Deploy.0 = Release|Any CPU
		{BC55DBAE-8DAD-4AAC-84B2-8F998B8D32E1}.Release|ARM.ActiveCfg = Release|ARM
		{BC55DBAE-8DAD-4AAC-84B2-8F998B8D32E1}.Release|ARM.Build.0 = Release|ARM
		{BC55DBAE-8DAD-4AAC-84B2-8F998B8D32E1}.Release|ARM.Deploy.0 = Release|ARM
		{BC55DBAE-8DAD-4AAC-84B2-8F998B8D32E1}.Release|x64.ActiveCfg = Release|x64
		{BC55DBAE-8DAD-4AAC-84B2-8F998B8D32E1}.Release|x64.Build.0 = Release|x64
		{BC55DBAE-8DAD-4AAC-84B2-8F998B8D32E1}.Release|x64.Deploy.0 = Release|x64
		{BC55DBAE-8DAD-4AAC-84B2-8F998B8D32E1}.Release|x86.ActiveCfg = Release|x86
		{BC55DBAE-8DAD-4AAC-84B2-8F998B8D32E1}.Release|x86.Build.0 = Release|x86
		{BC55DBAE-8DAD-4AAC-84B2-8F998B8D32E1}.Release|x86.Deploy.0 = Release|x86
		{D4116A8C-38A3-411F-A731-73507953AC1F}.Debug|Any CPU.ActiveCfg = Debug|Any CPU
		{D4116A8C-38A3-411F-A731-73507953AC1F}.Debug|Any CPU.Build.0 = Debug|Any CPU
		{D4116A8C-38A3-411F-A731-73507953AC1F}.Debug|Any CPU.Deploy.0 = Debug|Any CPU
		{D4116A8C-38A3-411F-A731-73507953AC1F}.Debug|ARM.ActiveCfg = Debug|ARM
		{D4116A8C-38A3-411F-A731-73507953AC1F}.Debug|ARM.Build.0 = Debug|ARM
		{D4116A8C-38A3-411F-A731-73507953AC1F}.Debug|ARM.Deploy.0 = Debug|ARM
		{D4116A8C-38A3-411F-A731-73507953AC1F}.Debug|x64.ActiveCfg = Debug|Any CPU
		{D4116A8C-38A3-411F-A731-73507953AC1F}.Debug|x86.ActiveCfg = Debug|x86
		{D4116A8C-38A3-411F-A731-73507953AC1F}.Debug|x86.Build.0 = Debug|x86
		{D4116A8C-38A3-411F-A731-73507953AC1F}.Debug|x86.Deploy.0 = Debug|x86
		{D4116A8C-38A3-411F-A731-73507953AC1F}.Release|Any CPU.ActiveCfg = Release|Any CPU
		{D4116A8C-38A3-411F-A731-73507953AC1F}.Release|Any CPU.Build.0 = Release|Any CPU
		{D4116A8C-38A3-411F-A731-73507953AC1F}.Release|Any CPU.Deploy.0 = Release|Any CPU
		{D4116A8C-38A3-411F-A731-73507953AC1F}.Release|ARM.ActiveCfg = Release|ARM
		{D4116A8C-38A3-411F-A731-73507953AC1F}.Release|ARM.Build.0 = Release|ARM
		{D4116A8C-38A3-411F-A731-73507953AC1F}.Release|ARM.Deploy.0 = Release|ARM
		{D4116A8C-38A3-411F-A731-73507953AC1F}.Release|x64.ActiveCfg = Release|Any CPU
		{D4116A8C-38A3-411F-A731-73507953AC1F}.Release|x86.ActiveCfg = Release|x86
		{D4116A8C-38A3-411F-A731-73507953AC1F}.Release|x86.Build.0 = Release|x86
		{D4116A8C-38A3-411F-A731-73507953AC1F}.Release|x86.Deploy.0 = Release|x86
		{96544262-4795-474C-BEBB-B818D9F5D53B}.Debug|Any CPU.ActiveCfg = Debug|Any CPU
		{96544262-4795-474C-BEBB-B818D9F5D53B}.Debug|Any CPU.Build.0 = Debug|Any CPU
		{96544262-4795-474C-BEBB-B818D9F5D53B}.Debug|ARM.ActiveCfg = Debug|Any CPU
		{96544262-4795-474C-BEBB-B818D9F5D53B}.Debug|x64.ActiveCfg = Debug|Any CPU
		{96544262-4795-474C-BEBB-B818D9F5D53B}.Debug|x86.ActiveCfg = Debug|Any CPU
		{96544262-4795-474C-BEBB-B818D9F5D53B}.Release|Any CPU.ActiveCfg = Release|Any CPU
		{96544262-4795-474C-BEBB-B818D9F5D53B}.Release|Any CPU.Build.0 = Release|Any CPU
		{96544262-4795-474C-BEBB-B818D9F5D53B}.Release|ARM.ActiveCfg = Release|Any CPU
		{96544262-4795-474C-BEBB-B818D9F5D53B}.Release|x64.ActiveCfg = Release|Any CPU
		{96544262-4795-474C-BEBB-B818D9F5D53B}.Release|x86.ActiveCfg = Release|Any CPU
		{A8AC6113-4503-463F-ADE3-C25C1849666D}.Debug|Any CPU.ActiveCfg = Debug|Any CPU
		{A8AC6113-4503-463F-ADE3-C25C1849666D}.Debug|Any CPU.Build.0 = Debug|Any CPU
		{A8AC6113-4503-463F-ADE3-C25C1849666D}.Debug|Any CPU.Deploy.0 = Debug|Any CPU
		{A8AC6113-4503-463F-ADE3-C25C1849666D}.Debug|ARM.ActiveCfg = Debug|ARM
		{A8AC6113-4503-463F-ADE3-C25C1849666D}.Debug|ARM.Build.0 = Debug|ARM
		{A8AC6113-4503-463F-ADE3-C25C1849666D}.Debug|ARM.Deploy.0 = Debug|ARM
		{A8AC6113-4503-463F-ADE3-C25C1849666D}.Debug|x64.ActiveCfg = Debug|x64
		{A8AC6113-4503-463F-ADE3-C25C1849666D}.Debug|x64.Build.0 = Debug|x64
		{A8AC6113-4503-463F-ADE3-C25C1849666D}.Debug|x64.Deploy.0 = Debug|x64
		{A8AC6113-4503-463F-ADE3-C25C1849666D}.Debug|x86.ActiveCfg = Debug|x86
		{A8AC6113-4503-463F-ADE3-C25C1849666D}.Debug|x86.Build.0 = Debug|x86
		{A8AC6113-4503-463F-ADE3-C25C1849666D}.Debug|x86.Deploy.0 = Debug|x86
		{A8AC6113-4503-463F-ADE3-C25C1849666D}.Release|Any CPU.ActiveCfg = Release|Any CPU
		{A8AC6113-4503-463F-ADE3-C25C1849666D}.Release|Any CPU.Build.0 = Release|Any CPU
		{A8AC6113-4503-463F-ADE3-C25C1849666D}.Release|Any CPU.Deploy.0 = Release|Any CPU
		{A8AC6113-4503-463F-ADE3-C25C1849666D}.Release|ARM.ActiveCfg = Release|ARM
		{A8AC6113-4503-463F-ADE3-C25C1849666D}.Release|ARM.Build.0 = Release|ARM
		{A8AC6113-4503-463F-ADE3-C25C1849666D}.Release|ARM.Deploy.0 = Release|ARM
		{A8AC6113-4503-463F-ADE3-C25C1849666D}.Release|x64.ActiveCfg = Release|x64
		{A8AC6113-4503-463F-ADE3-C25C1849666D}.Release|x64.Build.0 = Release|x64
		{A8AC6113-4503-463F-ADE3-C25C1849666D}.Release|x64.Deploy.0 = Release|x64
		{A8AC6113-4503-463F-ADE3-C25C1849666D}.Release|x86.ActiveCfg = Release|x86
		{A8AC6113-4503-463F-ADE3-C25C1849666D}.Release|x86.Build.0 = Release|x86
		{A8AC6113-4503-463F-ADE3-C25C1849666D}.Release|x86.Deploy.0 = Release|x86
		{E47DC225-DF0D-4091-8E24-BEFEACE13640}.Debug|Any CPU.ActiveCfg = Debug|Any CPU
		{E47DC225-DF0D-4091-8E24-BEFEACE13640}.Debug|Any CPU.Build.0 = Debug|Any CPU
		{E47DC225-DF0D-4091-8E24-BEFEACE13640}.Debug|Any CPU.Deploy.0 = Debug|Any CPU
		{E47DC225-DF0D-4091-8E24-BEFEACE13640}.Debug|ARM.ActiveCfg = Debug|ARM
		{E47DC225-DF0D-4091-8E24-BEFEACE13640}.Debug|ARM.Build.0 = Debug|ARM
		{E47DC225-DF0D-4091-8E24-BEFEACE13640}.Debug|ARM.Deploy.0 = Debug|ARM
		{E47DC225-DF0D-4091-8E24-BEFEACE13640}.Debug|x64.ActiveCfg = Debug|Any CPU
		{E47DC225-DF0D-4091-8E24-BEFEACE13640}.Debug|x86.ActiveCfg = Debug|x86
		{E47DC225-DF0D-4091-8E24-BEFEACE13640}.Debug|x86.Build.0 = Debug|x86
		{E47DC225-DF0D-4091-8E24-BEFEACE13640}.Debug|x86.Deploy.0 = Debug|x86
		{E47DC225-DF0D-4091-8E24-BEFEACE13640}.Release|Any CPU.ActiveCfg = Release|Any CPU
		{E47DC225-DF0D-4091-8E24-BEFEACE13640}.Release|Any CPU.Build.0 = Release|Any CPU
		{E47DC225-DF0D-4091-8E24-BEFEACE13640}.Release|Any CPU.Deploy.0 = Release|Any CPU
		{E47DC225-DF0D-4091-8E24-BEFEACE13640}.Release|ARM.ActiveCfg = Release|ARM
		{E47DC225-DF0D-4091-8E24-BEFEACE13640}.Release|ARM.Build.0 = Release|ARM
		{E47DC225-DF0D-4091-8E24-BEFEACE13640}.Release|ARM.Deploy.0 = Release|ARM
		{E47DC225-DF0D-4091-8E24-BEFEACE13640}.Release|x64.ActiveCfg = Release|Any CPU
		{E47DC225-DF0D-4091-8E24-BEFEACE13640}.Release|x86.ActiveCfg = Release|x86
		{E47DC225-DF0D-4091-8E24-BEFEACE13640}.Release|x86.Build.0 = Release|x86
		{E47DC225-DF0D-4091-8E24-BEFEACE13640}.Release|x86.Deploy.0 = Release|x86
	EndGlobalSection
	GlobalSection(SolutionProperties) = preSolution
		HideSolutionNode = FALSE
	EndGlobalSection
	GlobalSection(NestedProjects) = preSolution
		{DCCAE27A-0DE4-44E7-B98C-605D861E479A} = {93CD17A3-5BD9-420E-ACBF-72BC4FFDACAE}
		{CADD2B84-692D-4056-A556-F1FA7FA265E8} = {93CD17A3-5BD9-420E-ACBF-72BC4FFDACAE}
		{A11B893B-6A3A-4B2A-B2AC-EDB136EDE987} = {93CD17A3-5BD9-420E-ACBF-72BC4FFDACAE}
		{1C388EDD-D3DA-4733-B747-2D33CCB4BBF6} = {93CD17A3-5BD9-420E-ACBF-72BC4FFDACAE}
		{7FA843F1-C9A9-40EC-BAB8-46B7252A6F36} = {BF125AFA-7C55-4E24-8A91-3C386325E0D8}
		{7EAD6644-7CC6-45EF-9406-376E95F46F8B} = {7FA843F1-C9A9-40EC-BAB8-46B7252A6F36}
		{BC55DBAE-8DAD-4AAC-84B2-8F998B8D32E1} = {7FA843F1-C9A9-40EC-BAB8-46B7252A6F36}
		{D4116A8C-38A3-411F-A731-73507953AC1F} = {7FA843F1-C9A9-40EC-BAB8-46B7252A6F36}
		{96544262-4795-474C-BEBB-B818D9F5D53B} = {BF125AFA-7C55-4E24-8A91-3C386325E0D8}
		{5ABB701D-3E42-4580-A0AD-DD0117476E01} = {BF125AFA-7C55-4E24-8A91-3C386325E0D8}
		{10047FB6-0DF7-4823-A78A-916981E9AD97} = {5ABB701D-3E42-4580-A0AD-DD0117476E01}
		{A8AC6113-4503-463F-ADE3-C25C1849666D} = {5ABB701D-3E42-4580-A0AD-DD0117476E01}
		{E47DC225-DF0D-4091-8E24-BEFEACE13640} = {5ABB701D-3E42-4580-A0AD-DD0117476E01}
	EndGlobalSection
EndGlobal
